
Microsoft Visual Studio Solution File, Format Version 12.00
# Visual Studio Version 17
VisualStudioVersion = 17.5.33516.290
MinimumVisualStudioVersion = 10.0.40219.1
Project("{FAE04EC0-301F-11D3-BF4B-00C04F79EFBC}") = "Sistema_CFT", "Sistema_CFT.csproj", "{5F62B867-5FCC-476C-B9A1-AAA18BA49E75}"
EndProject
Global
	GlobalSection(SolutionConfigurationPlatforms) = preSolution
		Debug|Any CPU = Debug|Any CPU
		Release|Any CPU = Release|Any CPU
	EndGlobalSection
	GlobalSection(ProjectConfigurationPlatforms) = postSolution
		{5F62B867-5FCC-476C-B9A1-AAA18BA49E75}.Debug|Any CPU.ActiveCfg = Debug|Any CPU
		{5F62B867-5FCC-476C-B9A1-AAA18BA49E75}.Debug|Any CPU.Build.0 = Debug|Any CPU
		{5F62B867-5FCC-476C-B9A1-AAA18BA49E75}.Release|Any CPU.ActiveCfg = Release|Any CPU
		{5F62B867-5FCC-476C-B9A1-AAA18BA49E75}.Release|Any CPU.Build.0 = Release|Any CPU
	EndGlobalSection
	GlobalSection(SolutionProperties) = preSolution
		HideSolutionNode = FALSE
	EndGlobalSection
	GlobalSection(ExtensibilityGlobals) = postSolution
		SolutionGuid = {4E736034-F1CD-45C4-B1A4-98411EAF93A6}
	EndGlobalSection
EndGlobal
